
Microsoft Visual Studio Solution File, Format Version 12.00
# Visual Studio Version 17
VisualStudioVersion = 17.1.32228.430
MinimumVisualStudioVersion = 10.0.40219.1
Project("{FAE04EC0-301F-11D3-BF4B-00C04F79EFBC}") = "TP3", "TP3\TP3.csproj", "{066834A9-A318-401E-AF80-435EEDCF9DF1}"
EndProject
Global
	GlobalSection(SolutionConfigurationPlatforms) = preSolution
		Debug|Any CPU = Debug|Any CPU
		Release|Any CPU = Release|Any CPU
	EndGlobalSection
	GlobalSection(ProjectConfigurationPlatforms) = postSolution
		{066834A9-A318-401E-AF80-435EEDCF9DF1}.Debug|Any CPU.ActiveCfg = Debug|Any CPU
		{066834A9-A318-401E-AF80-435EEDCF9DF1}.Debug|Any CPU.Build.0 = Debug|Any CPU
		{066834A9-A318-401E-AF80-435EEDCF9DF1}.Release|Any CPU.ActiveCfg = Release|Any CPU
		{066834A9-A318-401E-AF80-435EEDCF9DF1}.Release|Any CPU.Build.0 = Release|Any CPU
	EndGlobalSection
	GlobalSection(SolutionProperties) = preSolution
		HideSolutionNode = FALSE
	EndGlobalSection
	GlobalSection(ExtensibilityGlobals) = postSolution
		SolutionGuid = {FB6CA320-E9E2-4F26-AB9D-714B4F05119D}
	EndGlobalSection
EndGlobal
