
Microsoft Visual Studio Solution File, Format Version 12.00
# Visual Studio Version 17
VisualStudioVersion = 17.1.32228.430
MinimumVisualStudioVersion = 10.0.40219.1
Project("{FAE04EC0-301F-11D3-BF4B-00C04F79EFBC}") = "TP01", "TP01\TP01.csproj", "{1E8269EB-D90B-43B2-A413-16D4EC9F7FB5}"
EndProject
Global
	GlobalSection(SolutionConfigurationPlatforms) = preSolution
		Debug|Any CPU = Debug|Any CPU
		Release|Any CPU = Release|Any CPU
	EndGlobalSection
	GlobalSection(ProjectConfigurationPlatforms) = postSolution
		{1E8269EB-D90B-43B2-A413-16D4EC9F7FB5}.Debug|Any CPU.ActiveCfg = Debug|Any CPU
		{1E8269EB-D90B-43B2-A413-16D4EC9F7FB5}.Debug|Any CPU.Build.0 = Debug|Any CPU
		{1E8269EB-D90B-43B2-A413-16D4EC9F7FB5}.Release|Any CPU.ActiveCfg = Release|Any CPU
		{1E8269EB-D90B-43B2-A413-16D4EC9F7FB5}.Release|Any CPU.Build.0 = Release|Any CPU
	EndGlobalSection
	GlobalSection(SolutionProperties) = preSolution
		HideSolutionNode = FALSE
	EndGlobalSection
	GlobalSection(ExtensibilityGlobals) = postSolution
		SolutionGuid = {3643E25A-82E8-4D2E-8EEF-BE607CDDAFB8}
	EndGlobalSection
EndGlobal
